
Microsoft Visual Studio Solution File, Format Version 12.00
# Visual Studio Version 17
VisualStudioVersion = 17.9.34714.143
MinimumVisualStudioVersion = 10.0.40219.1
Project("{FAE04EC0-301F-11D3-BF4B-00C04F79EFBC}") = "chatConsoleApp", "chatConsoleApp.csproj", "{D79AFC44-65A6-4803-B094-311F5C6AB093}"
EndProject
Global
	GlobalSection(SolutionConfigurationPlatforms) = preSolution
		Debug|Any CPU = Debug|Any CPU
		Release|Any CPU = Release|Any CPU
	EndGlobalSection
	GlobalSection(ProjectConfigurationPlatforms) = postSolution
		{D79AFC44-65A6-4803-B094-311F5C6AB093}.Debug|Any CPU.ActiveCfg = Debug|Any CPU
		{D79AFC44-65A6-4803-B094-311F5C6AB093}.Debug|Any CPU.Build.0 = Debug|Any CPU
		{D79AFC44-65A6-4803-B094-311F5C6AB093}.Release|Any CPU.ActiveCfg = Release|Any CPU
		{D79AFC44-65A6-4803-B094-311F5C6AB093}.Release|Any CPU.Build.0 = Release|Any CPU
	EndGlobalSection
	GlobalSection(SolutionProperties) = preSolution
		HideSolutionNode = FALSE
	EndGlobalSection
	GlobalSection(ExtensibilityGlobals) = postSolution
		SolutionGuid = {886457D9-6AFE-49E1-A571-9DCFCFB1FF17}
	EndGlobalSection
EndGlobal
